# This file was autogenerated by Stack.
# You should not edit this file by hand.
# For more information, please see the documentation at:
#   https://docs.haskellstack.org/en/stable/lock_files

packages:
- completed:
    hackage: interpolatedstring-perl6-1.0.2@sha256:7ce49c8a69a2a1b89c001ed79db2aab656ffd0faf2a7a701a553b6deb5c8ba7f,1073
    pantry-tree:
      size: 300
      sha256: f7f0b06c58db814d1f12ed6f4f4cb67ff8c72e51da61c04db12c2aedb896542e
  original:
    hackage: interpolatedstring-perl6-1.0.2@sha256:7ce49c8a69a2a1b89c001ed79db2aab656ffd0faf2a7a701a553b6deb5c8ba7f,1073
snapshots:
- completed:
    size: 496120
    url: https://raw.githubusercontent.com/commercialhaskell/stackage-snapshots/master/lts/15/16.yaml
    sha256: cf30623a2c147f51eecc8f9d6440f5d1b671af21380505e633faff32b565f3d5
  original: lts-15.16
